// !$*UTF8*$!
{
	archiveVersion = 1;
	classes = {
	};
	objectVersion = 56;
	objects = {

/* Begin PBXBuildFile section */
		6F8EC4EF2B3FDF5000C66EA2 /* BerlinClockApp.swift in Sources */ = {isa = PBXBuildFile; fileRef = 6F8EC4EE2B3FDF5000C66EA2 /* BerlinClockApp.swift */; };
		6F8EC4F12B3FDF5000C66EA2 /* ContentView.swift in Sources */ = {isa = PBXBuildFile; fileRef = 6F8EC4F02B3FDF5000C66EA2 /* ContentView.swift */; };
		6F8EC4F32B3FDF5100C66EA2 /* Assets.xcassets in Resources */ = {isa = PBXBuildFile; fileRef = 6F8EC4F22B3FDF5100C66EA2 /* Assets.xcassets */; };
		6F8EC4F62B3FDF5100C66EA2 /* Preview Assets.xcassets in Resources */ = {isa = PBXBuildFile; fileRef = 6F8EC4F52B3FDF5100C66EA2 /* Preview Assets.xcassets */; };
		6F8EC50A2B3FDF5100C66EA2 /* BerlinClockUITests.swift in Sources */ = {isa = PBXBuildFile; fileRef = 6F8EC5092B3FDF5100C66EA2 /* BerlinClockUITests.swift */; };
		6F8EC51B2B3FE41000C66EA2 /* BerlinClockTests.swift in Sources */ = {isa = PBXBuildFile; fileRef = 6F8EC51A2B3FE41000C66EA2 /* BerlinClockTests.swift */; };
		6F8EC51D2B3FE53600C66EA2 /* BerlinClock.swift in Sources */ = {isa = PBXBuildFile; fileRef = 6F8EC51C2B3FE53600C66EA2 /* BerlinClock.swift */; };
		6F8EC51F2B3FF4B000C66EA2 /* BlockUnit.swift in Sources */ = {isa = PBXBuildFile; fileRef = 6F8EC51E2B3FF4B000C66EA2 /* BlockUnit.swift */; };
		6F8EC5232B3FFB2C00C66EA2 /* BerlinClockViewModelTests.swift in Sources */ = {isa = PBXBuildFile; fileRef = 6F8EC5222B3FFB2C00C66EA2 /* BerlinClockViewModelTests.swift */; };
/* End PBXBuildFile section */

/* Begin PBXContainerItemProxy section */
		6F8EC4FC2B3FDF5100C66EA2 /* PBXContainerItemProxy */ = {
			isa = PBXContainerItemProxy;
			containerPortal = 6F8EC4E32B3FDF5000C66EA2 /* Project object */;
			proxyType = 1;
			remoteGlobalIDString = 6F8EC4EA2B3FDF5000C66EA2;
			remoteInfo = BerlinClock;
		};
		6F8EC5062B3FDF5100C66EA2 /* PBXContainerItemProxy */ = {
			isa = PBXContainerItemProxy;
			containerPortal = 6F8EC4E32B3FDF5000C66EA2 /* Project object */;
			proxyType = 1;
			remoteGlobalIDString = 6F8EC4EA2B3FDF5000C66EA2;
			remoteInfo = BerlinClock;
		};
/* End PBXContainerItemProxy section */

/* Begin PBXFileReference section */
		6F8EC4EB2B3FDF5000C66EA2 /* BerlinClock.app */ = {isa = PBXFileReference; explicitFileType = wrapper.application; includeInIndex = 0; path = BerlinClock.app; sourceTree = BUILT_PRODUCTS_DIR; };
		6F8EC4EE2B3FDF5000C66EA2 /* BerlinClockApp.swift */ = {isa = PBXFileReference; lastKnownFileType = sourcecode.swift; path = BerlinClockApp.swift; sourceTree = "<group>"; };
		6F8EC4F02B3FDF5000C66EA2 /* ContentView.swift */ = {isa = PBXFileReference; lastKnownFileType = sourcecode.swift; path = ContentView.swift; sourceTree = "<group>"; };
		6F8EC4F22B3FDF5100C66EA2 /* Assets.xcassets */ = {isa = PBXFileReference; lastKnownFileType = folder.assetcatalog; path = Assets.xcassets; sourceTree = "<group>"; };
		6F8EC4F52B3FDF5100C66EA2 /* Preview Assets.xcassets */ = {isa = PBXFileReference; lastKnownFileType = folder.assetcatalog; path = "Preview Assets.xcassets"; sourceTree = "<group>"; };
		6F8EC4FB2B3FDF5100C66EA2 /* BerlinClockTests.xctest */ = {isa = PBXFileReference; explicitFileType = wrapper.cfbundle; includeInIndex = 0; path = BerlinClockTests.xctest; sourceTree = BUILT_PRODUCTS_DIR; };
		6F8EC5052B3FDF5100C66EA2 /* BerlinClockUITests.xctest */ = {isa = PBXFileReference; explicitFileType = wrapper.cfbundle; includeInIndex = 0; path = BerlinClockUITests.xctest; sourceTree = BUILT_PRODUCTS_DIR; };
		6F8EC5092B3FDF5100C66EA2 /* BerlinClockUITests.swift */ = {isa = PBXFileReference; lastKnownFileType = sourcecode.swift; path = BerlinClockUITests.swift; sourceTree = "<group>"; };
		6F8EC51A2B3FE41000C66EA2 /* BerlinClockTests.swift */ = {isa = PBXFileReference; lastKnownFileType = sourcecode.swift; path = BerlinClockTests.swift; sourceTree = "<group>"; };
		6F8EC51C2B3FE53600C66EA2 /* BerlinClock.swift */ = {isa = PBXFileReference; lastKnownFileType = sourcecode.swift; path = BerlinClock.swift; sourceTree = "<group>"; };
		6F8EC51E2B3FF4B000C66EA2 /* BlockUnit.swift */ = {isa = PBXFileReference; lastKnownFileType = sourcecode.swift; path = BlockUnit.swift; sourceTree = "<group>"; };
		6F8EC5222B3FFB2C00C66EA2 /* BerlinClockViewModelTests.swift */ = {isa = PBXFileReference; lastKnownFileType = sourcecode.swift; path = BerlinClockViewModelTests.swift; sourceTree = "<group>"; };
/* End PBXFileReference section */

/* Begin PBXFrameworksBuildPhase section */
		6F8EC4E82B3FDF5000C66EA2 /* Frameworks */ = {
			isa = PBXFrameworksBuildPhase;
			buildActionMask = 2147483647;
			files = (
			);
			runOnlyForDeploymentPostprocessing = 0;
		};
		6F8EC4F82B3FDF5100C66EA2 /* Frameworks */ = {
			isa = PBXFrameworksBuildPhase;
			buildActionMask = 2147483647;
			files = (
			);
			runOnlyForDeploymentPostprocessing = 0;
		};
		6F8EC5022B3FDF5100C66EA2 /* Frameworks */ = {
			isa = PBXFrameworksBuildPhase;
			buildActionMask = 2147483647;
			files = (
			);
			runOnlyForDeploymentPostprocessing = 0;
		};
/* End PBXFrameworksBuildPhase section */

/* Begin PBXGroup section */
		6F8EC4E22B3FDF5000C66EA2 = {
			isa = PBXGroup;
			children = (
				6F8EC4ED2B3FDF5000C66EA2 /* BerlinClock */,
				6F8EC4FE2B3FDF5100C66EA2 /* BerlinClockTests */,
				6F8EC5082B3FDF5100C66EA2 /* BerlinClockUITests */,
				6F8EC4EC2B3FDF5000C66EA2 /* Products */,
			);
			sourceTree = "<group>";
		};
		6F8EC4EC2B3FDF5000C66EA2 /* Products */ = {
			isa = PBXGroup;
			children = (
				6F8EC4EB2B3FDF5000C66EA2 /* BerlinClock.app */,
				6F8EC4FB2B3FDF5100C66EA2 /* BerlinClockTests.xctest */,
				6F8EC5052B3FDF5100C66EA2 /* BerlinClockUITests.xctest */,
			);
			name = Products;
			sourceTree = "<group>";
		};
		6F8EC4ED2B3FDF5000C66EA2 /* BerlinClock */ = {
			isa = PBXGroup;
			children = (
				6F8EC5202B3FFAF300C66EA2 /* UI */,
				6F8EC5182B3FE3BC00C66EA2 /* Model */,
				6F8EC4EE2B3FDF5000C66EA2 /* BerlinClockApp.swift */,
				6F8EC4F02B3FDF5000C66EA2 /* ContentView.swift */,
				6F8EC4F22B3FDF5100C66EA2 /* Assets.xcassets */,
				6F8EC4F42B3FDF5100C66EA2 /* Preview Content */,
			);
			path = BerlinClock;
			sourceTree = "<group>";
		};
		6F8EC4F42B3FDF5100C66EA2 /* Preview Content */ = {
			isa = PBXGroup;
			children = (
				6F8EC4F52B3FDF5100C66EA2 /* Preview Assets.xcassets */,
			);
			path = "Preview Content";
			sourceTree = "<group>";
		};
		6F8EC4FE2B3FDF5100C66EA2 /* BerlinClockTests */ = {
			isa = PBXGroup;
			children = (
				6F8EC5242B3FFB3600C66EA2 /* UI */,
				6F8EC5192B3FE3D800C66EA2 /* Model */,
			);
			path = BerlinClockTests;
			sourceTree = "<group>";
		};
		6F8EC5082B3FDF5100C66EA2 /* BerlinClockUITests */ = {
			isa = PBXGroup;
			children = (
				6F8EC5092B3FDF5100C66EA2 /* BerlinClockUITests.swift */,
			);
			path = BerlinClockUITests;
			sourceTree = "<group>";
		};
		6F8EC5182B3FE3BC00C66EA2 /* Model */ = {
			isa = PBXGroup;
			children = (
				6F8EC51C2B3FE53600C66EA2 /* BerlinClock.swift */,
				6F8EC51E2B3FF4B000C66EA2 /* BlockUnit.swift */,
			);
			path = Model;
			sourceTree = "<group>";
		};
		6F8EC5192B3FE3D800C66EA2 /* Model */ = {
			isa = PBXGroup;
			children = (
				6F8EC51A2B3FE41000C66EA2 /* BerlinClockTests.swift */,
			);
			path = Model;
			sourceTree = "<group>";
		};
		6F8EC5202B3FFAF300C66EA2 /* UI */ = {
			isa = PBXGroup;
			children = (
				6F8EC5212B3FFAFB00C66EA2 /* Model */,
			);
			path = UI;
			sourceTree = "<group>";
		};
		6F8EC5212B3FFAFB00C66EA2 /* Model */ = {
			isa = PBXGroup;
			children = (
			);
			path = Model;
			sourceTree = "<group>";
		};
		6F8EC5242B3FFB3600C66EA2 /* UI */ = {
			isa = PBXGroup;
			children = (
				6F8EC5252B3FFB4000C66EA2 /* UI */,
			);
			path = UI;
			sourceTree = "<group>";
		};
		6F8EC5252B3FFB4000C66EA2 /* UI */ = {
			isa = PBXGroup;
			children = (
				6F8EC5222B3FFB2C00C66EA2 /* BerlinClockViewModelTests.swift */,
			);
			path = UI;
			sourceTree = "<group>";
		};
/* End PBXGroup section */

/* Begin PBXNativeTarget section */
		6F8EC4EA2B3FDF5000C66EA2 /* BerlinClock */ = {
			isa = PBXNativeTarget;
			buildConfigurationList = 6F8EC50F2B3FDF5100C66EA2 /* Build configuration list for PBXNativeTarget "BerlinClock" */;
			buildPhases = (
				6F8EC4E72B3FDF5000C66EA2 /* Sources */,
				6F8EC4E82B3FDF5000C66EA2 /* Frameworks */,
				6F8EC4E92B3FDF5000C66EA2 /* Resources */,
			);
			buildRules = (
			);
			dependencies = (
			);
			name = BerlinClock;
			productName = BerlinClock;
			productReference = 6F8EC4EB2B3FDF5000C66EA2 /* BerlinClock.app */;
			productType = "com.apple.product-type.application";
		};
		6F8EC4FA2B3FDF5100C66EA2 /* BerlinClockTests */ = {
			isa = PBXNativeTarget;
			buildConfigurationList = 6F8EC5122B3FDF5100C66EA2 /* Build configuration list for PBXNativeTarget "BerlinClockTests" */;
			buildPhases = (
				6F8EC4F72B3FDF5100C66EA2 /* Sources */,
				6F8EC4F82B3FDF5100C66EA2 /* Frameworks */,
				6F8EC4F92B3FDF5100C66EA2 /* Resources */,
			);
			buildRules = (
			);
			dependencies = (
				6F8EC4FD2B3FDF5100C66EA2 /* PBXTargetDependency */,
			);
			name = BerlinClockTests;
			productName = BerlinClockTests;
			productReference = 6F8EC4FB2B3FDF5100C66EA2 /* BerlinClockTests.xctest */;
			productType = "com.apple.product-type.bundle.unit-test";
		};
		6F8EC5042B3FDF5100C66EA2 /* BerlinClockUITests */ = {
			isa = PBXNativeTarget;
			buildConfigurationList = 6F8EC5152B3FDF5100C66EA2 /* Build configuration list for PBXNativeTarget "BerlinClockUITests" */;
			buildPhases = (
				6F8EC5012B3FDF5100C66EA2 /* Sources */,
				6F8EC5022B3FDF5100C66EA2 /* Frameworks */,
				6F8EC5032B3FDF5100C66EA2 /* Resources */,
			);
			buildRules = (
			);
			dependencies = (
				6F8EC5072B3FDF5100C66EA2 /* PBXTargetDependency */,
			);
			name = BerlinClockUITests;
			productName = BerlinClockUITests;
			productReference = 6F8EC5052B3FDF5100C66EA2 /* BerlinClockUITests.xctest */;
			productType = "com.apple.product-type.bundle.ui-testing";
		};
/* End PBXNativeTarget section */

/* Begin PBXProject section */
		6F8EC4E32B3FDF5000C66EA2 /* Project object */ = {
			isa = PBXProject;
			attributes = {
				BuildIndependentTargetsInParallel = 1;
				LastSwiftUpdateCheck = 1510;
				LastUpgradeCheck = 1510;
				TargetAttributes = {
					6F8EC4EA2B3FDF5000C66EA2 = {
						CreatedOnToolsVersion = 15.1;
					};
					6F8EC4FA2B3FDF5100C66EA2 = {
						CreatedOnToolsVersion = 15.1;
						TestTargetID = 6F8EC4EA2B3FDF5000C66EA2;
					};
					6F8EC5042B3FDF5100C66EA2 = {
						CreatedOnToolsVersion = 15.1;
						TestTargetID = 6F8EC4EA2B3FDF5000C66EA2;
					};
				};
			};
			buildConfigurationList = 6F8EC4E62B3FDF5000C66EA2 /* Build configuration list for PBXProject "BerlinClock" */;
			compatibilityVersion = "Xcode 14.0";
			developmentRegion = en;
			hasScannedForEncodings = 0;
			knownRegions = (
				en,
				Base,
			);
			mainGroup = 6F8EC4E22B3FDF5000C66EA2;
			productRefGroup = 6F8EC4EC2B3FDF5000C66EA2 /* Products */;
			projectDirPath = "";
			projectRoot = "";
			targets = (
				6F8EC4EA2B3FDF5000C66EA2 /* BerlinClock */,
				6F8EC4FA2B3FDF5100C66EA2 /* BerlinClockTests */,
				6F8EC5042B3FDF5100C66EA2 /* BerlinClockUITests */,
			);
		};
/* End PBXProject section */

/* Begin PBXResourcesBuildPhase section */
		6F8EC4E92B3FDF5000C66EA2 /* Resources */ = {
			isa = PBXResourcesBuildPhase;
			buildActionMask = 2147483647;
			files = (
				6F8EC4F62B3FDF5100C66EA2 /* Preview Assets.xcassets in Resources */,
				6F8EC4F32B3FDF5100C66EA2 /* Assets.xcassets in Resources */,
			);
			runOnlyForDeploymentPostprocessing = 0;
		};
		6F8EC4F92B3FDF5100C66EA2 /* Resources */ = {
			isa = PBXResourcesBuildPhase;
			buildActionMask = 2147483647;
			files = (
			);
			runOnlyForDeploymentPostprocessing = 0;
		};
		6F8EC5032B3FDF5100C66EA2 /* Resources */ = {
			isa = PBXResourcesBuildPhase;
			buildActionMask = 2147483647;
			files = (
			);
			runOnlyForDeploymentPostprocessing = 0;
		};
/* End PBXResourcesBuildPhase section */

/* Begin PBXSourcesBuildPhase section */
		6F8EC4E72B3FDF5000C66EA2 /* Sources */ = {
			isa = PBXSourcesBuildPhase;
			buildActionMask = 2147483647;
			files = (
				6F8EC4F12B3FDF5000C66EA2 /* ContentView.swift in Sources */,
				6F8EC51F2B3FF4B000C66EA2 /* BlockUnit.swift in Sources */,
				6F8EC4EF2B3FDF5000C66EA2 /* BerlinClockApp.swift in Sources */,
				6F8EC51D2B3FE53600C66EA2 /* BerlinClock.swift in Sources */,
			);
			runOnlyForDeploymentPostprocessing = 0;
		};
		6F8EC4F72B3FDF5100C66EA2 /* Sources */ = {
			isa = PBXSourcesBuildPhase;
			buildActionMask = 2147483647;
			files = (
				6F8EC51B2B3FE41000C66EA2 /* BerlinClockTests.swift in Sources */,
				6F8EC5232B3FFB2C00C66EA2 /* BerlinClockViewModelTests.swift in Sources */,
			);
			runOnlyForDeploymentPostprocessing = 0;
		};
		6F8EC5012B3FDF5100C66EA2 /* Sources */ = {
			isa = PBXSourcesBuildPhase;
			buildActionMask = 2147483647;
			files = (
				6F8EC50A2B3FDF5100C66EA2 /* BerlinClockUITests.swift in Sources */,
			);
			runOnlyForDeploymentPostprocessing = 0;
		};
/* End PBXSourcesBuildPhase section */

/* Begin PBXTargetDependency section */
		6F8EC4FD2B3FDF5100C66EA2 /* PBXTargetDependency */ = {
			isa = PBXTargetDependency;
			target = 6F8EC4EA2B3FDF5000C66EA2 /* BerlinClock */;
			targetProxy = 6F8EC4FC2B3FDF5100C66EA2 /* PBXContainerItemProxy */;
		};
		6F8EC5072B3FDF5100C66EA2 /* PBXTargetDependency */ = {
			isa = PBXTargetDependency;
			target = 6F8EC4EA2B3FDF5000C66EA2 /* BerlinClock */;
			targetProxy = 6F8EC5062B3FDF5100C66EA2 /* PBXContainerItemProxy */;
		};
/* End PBXTargetDependency section */

/* Begin XCBuildConfiguration section */
		6F8EC50D2B3FDF5100C66EA2 /* Debug */ = {
			isa = XCBuildConfiguration;
			buildSettings = {
				ALWAYS_SEARCH_USER_PATHS = NO;
				ASSETCATALOG_COMPILER_GENERATE_SWIFT_ASSET_SYMBOL_EXTENSIONS = YES;
				CLANG_ANALYZER_NONNULL = YES;
				CLANG_ANALYZER_NUMBER_OBJECT_CONVERSION = YES_AGGRESSIVE;
				CLANG_CXX_LANGUAGE_STANDARD = "gnu++20";
				CLANG_ENABLE_MODULES = YES;
				CLANG_ENABLE_OBJC_ARC = YES;
				CLANG_ENABLE_OBJC_WEAK = YES;
				CLANG_WARN_BLOCK_CAPTURE_AUTORELEASING = YES;
				CLANG_WARN_BOOL_CONVERSION = YES;
				CLANG_WARN_COMMA = YES;
				CLANG_WARN_CONSTANT_CONVERSION = YES;
				CLANG_WARN_DEPRECATED_OBJC_IMPLEMENTATIONS = YES;
				CLANG_WARN_DIRECT_OBJC_ISA_USAGE = YES_ERROR;
				CLANG_WARN_DOCUMENTATION_COMMENTS = YES;
				CLANG_WARN_EMPTY_BODY = YES;
				CLANG_WARN_ENUM_CONVERSION = YES;
				CLANG_WARN_INFINITE_RECURSION = YES;
				CLANG_WARN_INT_CONVERSION = YES;
				CLANG_WARN_NON_LITERAL_NULL_CONVERSION = YES;
				CLANG_WARN_OBJC_IMPLICIT_RETAIN_SELF = YES;
				CLANG_WARN_OBJC_LITERAL_CONVERSION = YES;
				CLANG_WARN_OBJC_ROOT_CLASS = YES_ERROR;
				CLANG_WARN_QUOTED_INCLUDE_IN_FRAMEWORK_HEADER = YES;
				CLANG_WARN_RANGE_LOOP_ANALYSIS = YES;
				CLANG_WARN_STRICT_PROTOTYPES = YES;
				CLANG_WARN_SUSPICIOUS_MOVE = YES;
				CLANG_WARN_UNGUARDED_AVAILABILITY = YES_AGGRESSIVE;
				CLANG_WARN_UNREACHABLE_CODE = YES;
				CLANG_WARN__DUPLICATE_METHOD_MATCH = YES;
				COPY_PHASE_STRIP = NO;
				DEBUG_INFORMATION_FORMAT = dwarf;
				ENABLE_STRICT_OBJC_MSGSEND = YES;
				ENABLE_TESTABILITY = YES;
				ENABLE_USER_SCRIPT_SANDBOXING = YES;
				GCC_C_LANGUAGE_STANDARD = gnu17;
				GCC_DYNAMIC_NO_PIC = NO;
				GCC_NO_COMMON_BLOCKS = YES;
				GCC_OPTIMIZATION_LEVEL = 0;
				GCC_PREPROCESSOR_DEFINITIONS = (
					"DEBUG=1",
					"$(inherited)",
				);
				GCC_WARN_64_TO_32_BIT_CONVERSION = YES;
				GCC_WARN_ABOUT_RETURN_TYPE = YES_ERROR;
				GCC_WARN_UNDECLARED_SELECTOR = YES;
				GCC_WARN_UNINITIALIZED_AUTOS = YES_AGGRESSIVE;
				GCC_WARN_UNUSED_FUNCTION = YES;
				GCC_WARN_UNUSED_VARIABLE = YES;
				IPHONEOS_DEPLOYMENT_TARGET = 17.2;
				LOCALIZATION_PREFERS_STRING_CATALOGS = YES;
				MTL_ENABLE_DEBUG_INFO = INCLUDE_SOURCE;
				MTL_FAST_MATH = YES;
				ONLY_ACTIVE_ARCH = YES;
				SDKROOT = iphoneos;
				SWIFT_ACTIVE_COMPILATION_CONDITIONS = "DEBUG $(inherited)";
				SWIFT_OPTIMIZATION_LEVEL = "-Onone";
			};
			name = Debug;
		};
		6F8EC50E2B3FDF5100C66EA2 /* Release */ = {
			isa = XCBuildConfiguration;
			buildSettings = {
				ALWAYS_SEARCH_USER_PATHS = NO;
				ASSETCATALOG_COMPILER_GENERATE_SWIFT_ASSET_SYMBOL_EXTENSIONS = YES;
				CLANG_ANALYZER_NONNULL = YES;
				CLANG_ANALYZER_NUMBER_OBJECT_CONVERSION = YES_AGGRESSIVE;
				CLANG_CXX_LANGUAGE_STANDARD = "gnu++20";
				CLANG_ENABLE_MODULES = YES;
				CLANG_ENABLE_OBJC_ARC = YES;
				CLANG_ENABLE_OBJC_WEAK = YES;
				CLANG_WARN_BLOCK_CAPTURE_AUTORELEASING = YES;
				CLANG_WARN_BOOL_CONVERSION = YES;
				CLANG_WARN_COMMA = YES;
				CLANG_WARN_CONSTANT_CONVERSION = YES;
				CLANG_WARN_DEPRECATED_OBJC_IMPLEMENTATIONS = YES;
				CLANG_WARN_DIRECT_OBJC_ISA_USAGE = YES_ERROR;
				CLANG_WARN_DOCUMENTATION_COMMENTS = YES;
				CLANG_WARN_EMPTY_BODY = YES;
				CLANG_WARN_ENUM_CONVERSION = YES;
				CLANG_WARN_INFINITE_RECURSION = YES;
				CLANG_WARN_INT_CONVERSION = YES;
				CLANG_WARN_NON_LITERAL_NULL_CONVERSION = YES;
				CLANG_WARN_OBJC_IMPLICIT_RETAIN_SELF = YES;
				CLANG_WARN_OBJC_LITERAL_CONVERSION = YES;
				CLANG_WARN_OBJC_ROOT_CLASS = YES_ERROR;
				CLANG_WARN_QUOTED_INCLUDE_IN_FRAMEWORK_HEADER = YES;
				CLANG_WARN_RANGE_LOOP_ANALYSIS = YES;
				CLANG_WARN_STRICT_PROTOTYPES = YES;
				CLANG_WARN_SUSPICIOUS_MOVE = YES;
				CLANG_WARN_UNGUARDED_AVAILABILITY = YES_AGGRESSIVE;
				CLANG_WARN_UNREACHABLE_CODE = YES;
				CLANG_WARN__DUPLICATE_METHOD_MATCH = YES;
				COPY_PHASE_STRIP = NO;
				DEBUG_INFORMATION_FORMAT = "dwarf-with-dsym";
				ENABLE_NS_ASSERTIONS = NO;
				ENABLE_STRICT_OBJC_MSGSEND = YES;
				ENABLE_USER_SCRIPT_SANDBOXING = YES;
				GCC_C_LANGUAGE_STANDARD = gnu17;
				GCC_NO_COMMON_BLOCKS = YES;
				GCC_WARN_64_TO_32_BIT_CONVERSION = YES;
				GCC_WARN_ABOUT_RETURN_TYPE = YES_ERROR;
				GCC_WARN_UNDECLARED_SELECTOR = YES;
				GCC_WARN_UNINITIALIZED_AUTOS = YES_AGGRESSIVE;
				GCC_WARN_UNUSED_FUNCTION = YES;
				GCC_WARN_UNUSED_VARIABLE = YES;
				IPHONEOS_DEPLOYMENT_TARGET = 17.2;
				LOCALIZATION_PREFERS_STRING_CATALOGS = YES;
				MTL_ENABLE_DEBUG_INFO = NO;
				MTL_FAST_MATH = YES;
				SDKROOT = iphoneos;
				SWIFT_COMPILATION_MODE = wholemodule;
				VALIDATE_PRODUCT = YES;
			};
			name = Release;
		};
		6F8EC5102B3FDF5100C66EA2 /* Debug */ = {
			isa = XCBuildConfiguration;
			buildSettings = {
				ASSETCATALOG_COMPILER_APPICON_NAME = AppIcon;
				ASSETCATALOG_COMPILER_GLOBAL_ACCENT_COLOR_NAME = AccentColor;
				CODE_SIGN_STYLE = Automatic;
				CURRENT_PROJECT_VERSION = 1;
				DEVELOPMENT_ASSET_PATHS = "\"BerlinClock/Preview Content\"";
				ENABLE_PREVIEWS = YES;
				GENERATE_INFOPLIST_FILE = YES;
				INFOPLIST_KEY_UIApplicationSceneManifest_Generation = YES;
				INFOPLIST_KEY_UIApplicationSupportsIndirectInputEvents = YES;
				INFOPLIST_KEY_UILaunchScreen_Generation = YES;
				INFOPLIST_KEY_UISupportedInterfaceOrientations_iPad = "UIInterfaceOrientationPortrait UIInterfaceOrientationPortraitUpsideDown UIInterfaceOrientationLandscapeLeft UIInterfaceOrientationLandscapeRight";
				INFOPLIST_KEY_UISupportedInterfaceOrientations_iPhone = "UIInterfaceOrientationPortrait UIInterfaceOrientationLandscapeLeft UIInterfaceOrientationLandscapeRight";
				LD_RUNPATH_SEARCH_PATHS = (
					"$(inherited)",
					"@executable_path/Frameworks",
				);
				MARKETING_VERSION = 1.0;
				PRODUCT_BUNDLE_IDENTIFIER = be.demo.BerlinClock;
				PRODUCT_NAME = "$(TARGET_NAME)";
				SWIFT_EMIT_LOC_STRINGS = YES;
				SWIFT_VERSION = 5.0;
				TARGETED_DEVICE_FAMILY = "1,2";
			};
			name = Debug;
		};
		6F8EC5112B3FDF5100C66EA2 /* Release */ = {
			isa = XCBuildConfiguration;
			buildSettings = {
				ASSETCATALOG_COMPILER_APPICON_NAME = AppIcon;
				ASSETCATALOG_COMPILER_GLOBAL_ACCENT_COLOR_NAME = AccentColor;
				CODE_SIGN_STYLE = Automatic;
				CURRENT_PROJECT_VERSION = 1;
				DEVELOPMENT_ASSET_PATHS = "\"BerlinClock/Preview Content\"";
				ENABLE_PREVIEWS = YES;
				GENERATE_INFOPLIST_FILE = YES;
				INFOPLIST_KEY_UIApplicationSceneManifest_Generation = YES;
				INFOPLIST_KEY_UIApplicationSupportsIndirectInputEvents = YES;
				INFOPLIST_KEY_UILaunchScreen_Generation = YES;
				INFOPLIST_KEY_UISupportedInterfaceOrientations_iPad = "UIInterfaceOrientationPortrait UIInterfaceOrientationPortraitUpsideDown UIInterfaceOrientationLandscapeLeft UIInterfaceOrientationLandscapeRight";
				INFOPLIST_KEY_UISupportedInterfaceOrientations_iPhone = "UIInterfaceOrientationPortrait UIInterfaceOrientationLandscapeLeft UIInterfaceOrientationLandscapeRight";
				LD_RUNPATH_SEARCH_PATHS = (
					"$(inherited)",
					"@executable_path/Frameworks",
				);
				MARKETING_VERSION = 1.0;
				PRODUCT_BUNDLE_IDENTIFIER = be.demo.BerlinClock;
				PRODUCT_NAME = "$(TARGET_NAME)";
				SWIFT_EMIT_LOC_STRINGS = YES;
				SWIFT_VERSION = 5.0;
				TARGETED_DEVICE_FAMILY = "1,2";
			};
			name = Release;
		};
		6F8EC5132B3FDF5100C66EA2 /* Debug */ = {
			isa = XCBuildConfiguration;
			buildSettings = {
				ALWAYS_EMBED_SWIFT_STANDARD_LIBRARIES = YES;
				BUNDLE_LOADER = "$(TEST_HOST)";
				CODE_SIGN_STYLE = Automatic;
				CURRENT_PROJECT_VERSION = 1;
				GENERATE_INFOPLIST_FILE = YES;
				IPHONEOS_DEPLOYMENT_TARGET = 17.2;
				MARKETING_VERSION = 1.0;
				PRODUCT_BUNDLE_IDENTIFIER = be.demo.BerlinClockTests;
				PRODUCT_NAME = "$(TARGET_NAME)";
				SWIFT_EMIT_LOC_STRINGS = NO;
				SWIFT_VERSION = 5.0;
				TARGETED_DEVICE_FAMILY = "1,2";
				TEST_HOST = "$(BUILT_PRODUCTS_DIR)/BerlinClock.app/$(BUNDLE_EXECUTABLE_FOLDER_PATH)/BerlinClock";
			};
			name = Debug;
		};
		6F8EC5142B3FDF5100C66EA2 /* Release */ = {
			isa = XCBuildConfiguration;
			buildSettings = {
				ALWAYS_EMBED_SWIFT_STANDARD_LIBRARIES = YES;
				BUNDLE_LOADER = "$(TEST_HOST)";
				CODE_SIGN_STYLE = Automatic;
				CURRENT_PROJECT_VERSION = 1;
				GENERATE_INFOPLIST_FILE = YES;
				IPHONEOS_DEPLOYMENT_TARGET = 17.2;
				MARKETING_VERSION = 1.0;
				PRODUCT_BUNDLE_IDENTIFIER = be.demo.BerlinClockTests;
				PRODUCT_NAME = "$(TARGET_NAME)";
				SWIFT_EMIT_LOC_STRINGS = NO;
				SWIFT_VERSION = 5.0;
				TARGETED_DEVICE_FAMILY = "1,2";
				TEST_HOST = "$(BUILT_PRODUCTS_DIR)/BerlinClock.app/$(BUNDLE_EXECUTABLE_FOLDER_PATH)/BerlinClock";
			};
			name = Release;
		};
		6F8EC5162B3FDF5100C66EA2 /* Debug */ = {
			isa = XCBuildConfiguration;
			buildSettings = {
				ALWAYS_EMBED_SWIFT_STANDARD_LIBRARIES = YES;
				CODE_SIGN_STYLE = Automatic;
				CURRENT_PROJECT_VERSION = 1;
				GENERATE_INFOPLIST_FILE = YES;
				MARKETING_VERSION = 1.0;
				PRODUCT_BUNDLE_IDENTIFIER = be.demo.BerlinClockUITests;
				PRODUCT_NAME = "$(TARGET_NAME)";
				SWIFT_EMIT_LOC_STRINGS = NO;
				SWIFT_VERSION = 5.0;
				TARGETED_DEVICE_FAMILY = "1,2";
				TEST_TARGET_NAME = BerlinClock;
			};
			name = Debug;
		};
		6F8EC5172B3FDF5100C66EA2 /* Release */ = {
			isa = XCBuildConfiguration;
			buildSettings = {
				ALWAYS_EMBED_SWIFT_STANDARD_LIBRARIES = YES;
				CODE_SIGN_STYLE = Automatic;
				CURRENT_PROJECT_VERSION = 1;
				GENERATE_INFOPLIST_FILE = YES;
				MARKETING_VERSION = 1.0;
				PRODUCT_BUNDLE_IDENTIFIER = be.demo.BerlinClockUITests;
				PRODUCT_NAME = "$(TARGET_NAME)";
				SWIFT_EMIT_LOC_STRINGS = NO;
				SWIFT_VERSION = 5.0;
				TARGETED_DEVICE_FAMILY = "1,2";
				TEST_TARGET_NAME = BerlinClock;
			};
			name = Release;
		};
/* End XCBuildConfiguration section */

/* Begin XCConfigurationList section */
		6F8EC4E62B3FDF5000C66EA2 /* Build configuration list for PBXProject "BerlinClock" */ = {
			isa = XCConfigurationList;
			buildConfigurations = (
				6F8EC50D2B3FDF5100C66EA2 /* Debug */,
				6F8EC50E2B3FDF5100C66EA2 /* Release */,
			);
			defaultConfigurationIsVisible = 0;
			defaultConfigurationName = Release;
		};
		6F8EC50F2B3FDF5100C66EA2 /* Build configuration list for PBXNativeTarget "BerlinClock" */ = {
			isa = XCConfigurationList;
			buildConfigurations = (
				6F8EC5102B3FDF5100C66EA2 /* Debug */,
				6F8EC5112B3FDF5100C66EA2 /* Release */,
			);
			defaultConfigurationIsVisible = 0;
			defaultConfigurationName = Release;
		};
		6F8EC5122B3FDF5100C66EA2 /* Build configuration list for PBXNativeTarget "BerlinClockTests" */ = {
			isa = XCConfigurationList;
			buildConfigurations = (
				6F8EC5132B3FDF5100C66EA2 /* Debug */,
				6F8EC5142B3FDF5100C66EA2 /* Release */,
			);
			defaultConfigurationIsVisible = 0;
			defaultConfigurationName = Release;
		};
		6F8EC5152B3FDF5100C66EA2 /* Build configuration list for PBXNativeTarget "BerlinClockUITests" */ = {
			isa = XCConfigurationList;
			buildConfigurations = (
				6F8EC5162B3FDF5100C66EA2 /* Debug */,
				6F8EC5172B3FDF5100C66EA2 /* Release */,
			);
			defaultConfigurationIsVisible = 0;
			defaultConfigurationName = Release;
		};
/* End XCConfigurationList section */
	};
	rootObject = 6F8EC4E32B3FDF5000C66EA2 /* Project object */;
}
